// !$*UTF8*$!
{
	archiveVersion = 1;
	classes = {
	};
	objectVersion = 46;
	objects = {

/* Begin PBXFileReference section */
		3E1E564B1906FAE300252F1C /* __init__.py */ = {isa = PBXFileReference; lastKnownFileType = text.script.python; path = __init__.py; sourceTree = "<group>"; };
		3E1E564C1906FAE300252F1C /* ais.xsl */ = {isa = PBXFileReference; lastKnownFileType = text.xml; path = ais.xsl; sourceTree = "<group>"; };
		3E1E564D1906FAE300252F1C /* ais_msg_1.html */ = {isa = PBXFileReference; lastKnownFileType = text.html; path = ais_msg_1.html; sourceTree = "<group>"; };
		3E1E564E1906FAE300252F1C /* ais_msg_1.py */ = {isa = PBXFileReference; lastKnownFileType = text.script.python; path = ais_msg_1.py; sourceTree = "<group>"; };
		3E1E564F1906FAE300252F1C /* ais_msg_1.xml */ = {isa = PBXFileReference; lastKnownFileType = text.xml; path = ais_msg_1.xml; sourceTree = "<group>"; };
		3E1E56501906FAE300252F1C /* ais_msg_10.html */ = {isa = PBXFileReference; lastKnownFileType = text.html; path = ais_msg_10.html; sourceTree = "<group>"; };
		3E1E56511906FAE300252F1C /* ais_msg_10.py */ = {isa = PBXFileReference; lastKnownFileType = text.script.python; path = ais_msg_10.py; sourceTree = "<group>"; };
		3E1E56521906FAE300252F1C /* ais_msg_10.xml */ = {isa = PBXFileReference; lastKnownFileType = text.xml; path = ais_msg_10.xml; sourceTree = "<group>"; };
		3E1E56531906FAE300252F1C /* ais_msg_11.html */ = {isa = PBXFileReference; lastKnownFileType = text.html; path = ais_msg_11.html; sourceTree = "<group>"; };
		3E1E56541906FAE300252F1C /* ais_msg_11.py */ = {isa = PBXFileReference; lastKnownFileType = text.script.python; path = ais_msg_11.py; sourceTree = "<group>"; };
		3E1E56551906FAE300252F1C /* ais_msg_11.xml */ = {isa = PBXFileReference; lastKnownFileType = text.xml; path = ais_msg_11.xml; sourceTree = "<group>"; };
		3E1E56561906FAE300252F1C /* ais_msg_12.html */ = {isa = PBXFileReference; lastKnownFileType = text.html; path = ais_msg_12.html; sourceTree = "<group>"; };
		3E1E56571906FAE300252F1C /* ais_msg_12.py */ = {isa = PBXFileReference; lastKnownFileType = text.script.python; path = ais_msg_12.py; sourceTree = "<group>"; };
		3E1E56581906FAE300252F1C /* ais_msg_12.xml */ = {isa = PBXFileReference; lastKnownFileType = text.xml; path = ais_msg_12.xml; sourceTree = "<group>"; };
		3E1E56591906FAE300252F1C /* ais_msg_14.html */ = {isa = PBXFileReference; lastKnownFileType = text.html; path = ais_msg_14.html; sourceTree = "<group>"; };
		3E1E565A1906FAE300252F1C /* ais_msg_14.py */ = {isa = PBXFileReference; lastKnownFileType = text.script.python; path = ais_msg_14.py; sourceTree = "<group>"; };
		3E1E565B1906FAE300252F1C /* ais_msg_14.xml */ = {isa = PBXFileReference; lastKnownFileType = text.xml; path = ais_msg_14.xml; sourceTree = "<group>"; };
		3E1E565C1906FAE300252F1C /* ais_msg_15.html */ = {isa = PBXFileReference; lastKnownFileType = text.html; path = ais_msg_15.html; sourceTree = "<group>"; };
		3E1E565D1906FAE300252F1C /* ais_msg_15.py */ = {isa = PBXFileReference; lastKnownFileType = text.script.python; path = ais_msg_15.py; sourceTree = "<group>"; };
		3E1E565E1906FAE300252F1C /* ais_msg_15.xml */ = {isa = PBXFileReference; lastKnownFileType = text.xml; path = ais_msg_15.xml; sourceTree = "<group>"; };
		3E1E565F1906FAE300252F1C /* ais_msg_17.html */ = {isa = PBXFileReference; lastKnownFileType = text.html; path = ais_msg_17.html; sourceTree = "<group>"; };
		3E1E56601906FAE300252F1C /* ais_msg_17.py */ = {isa = PBXFileReference; lastKnownFileType = text.script.python; path = ais_msg_17.py; sourceTree = "<group>"; };
		3E1E56611906FAE300252F1C /* ais_msg_17.xml */ = {isa = PBXFileReference; lastKnownFileType = text.xml; path = ais_msg_17.xml; sourceTree = "<group>"; };
		3E1E56621906FAE300252F1C /* ais_msg_18.html */ = {isa = PBXFileReference; lastKnownFileType = text.html; path = ais_msg_18.html; sourceTree = "<group>"; };
		3E1E56631906FAE300252F1C /* ais_msg_18.py */ = {isa = PBXFileReference; lastKnownFileType = text.script.python; path = ais_msg_18.py; sourceTree = "<group>"; };
		3E1E56641906FAE300252F1C /* ais_msg_18.xml */ = {isa = PBXFileReference; lastKnownFileType = text.xml; path = ais_msg_18.xml; sourceTree = "<group>"; };
		3E1E56651906FAE300252F1C /* ais_msg_19.html */ = {isa = PBXFileReference; lastKnownFileType = text.html; path = ais_msg_19.html; sourceTree = "<group>"; };
		3E1E56661906FAE300252F1C /* ais_msg_19.py */ = {isa = PBXFileReference; lastKnownFileType = text.script.python; path = ais_msg_19.py; sourceTree = "<group>"; };
		3E1E56671906FAE300252F1C /* ais_msg_19.xml */ = {isa = PBXFileReference; lastKnownFileType = text.xml; path = ais_msg_19.xml; sourceTree = "<group>"; };
		3E1E56681906FAE300252F1C /* ais_msg_1_handcoded.py */ = {isa = PBXFileReference; lastKnownFileType = text.script.python; path = ais_msg_1_handcoded.py; sourceTree = "<group>"; };
		3E1E56691906FAE300252F1C /* ais_msg_2.html */ = {isa = PBXFileReference; lastKnownFileType = text.html; path = ais_msg_2.html; sourceTree = "<group>"; };
		3E1E566A1906FAE300252F1C /* ais_msg_2.py */ = {isa = PBXFileReference; lastKnownFileType = text.script.python; path = ais_msg_2.py; sourceTree = "<group>"; };
		3E1E566B1906FAE300252F1C /* ais_msg_2.xml */ = {isa = PBXFileReference; lastKnownFileType = text.xml; path = ais_msg_2.xml; sourceTree = "<group>"; };
		3E1E566C1906FAE300252F1C /* ais_msg_20.html */ = {isa = PBXFileReference; lastKnownFileType = text.html; path = ais_msg_20.html; sourceTree = "<group>"; };
		3E1E566D1906FAE300252F1C /* ais_msg_20.py */ = {isa = PBXFileReference; lastKnownFileType = text.script.python; path = ais_msg_20.py; sourceTree = "<group>"; };
		3E1E566E1906FAE300252F1C /* ais_msg_20.xml */ = {isa = PBXFileReference; lastKnownFileType = text.xml; path = ais_msg_20.xml; sourceTree = "<group>"; };
		3E1E566F1906FAE300252F1C /* ais_msg_21.html */ = {isa = PBXFileReference; lastKnownFileType = text.html; path = ais_msg_21.html; sourceTree = "<group>"; };
		3E1E56701906FAE300252F1C /* ais_msg_21.py */ = {isa = PBXFileReference; lastKnownFileType = text.script.python; path = ais_msg_21.py; sourceTree = "<group>"; };
		3E1E56711906FAE300252F1C /* ais_msg_21.xml */ = {isa = PBXFileReference; lastKnownFileType = text.xml; path = ais_msg_21.xml; sourceTree = "<group>"; };
		3E1E56721906FAE300252F1C /* ais_msg_21_handcoded.py */ = {isa = PBXFileReference; lastKnownFileType = text.script.python; path = ais_msg_21_handcoded.py; sourceTree = "<group>"; };
		3E1E56731906FAE300252F1C /* ais_msg_22.html */ = {isa = PBXFileReference; lastKnownFileType = text.html; path = ais_msg_22.html; sourceTree = "<group>"; };
		3E1E56741906FAE300252F1C /* ais_msg_22.py */ = {isa = PBXFileReference; lastKnownFileType = text.script.python; path = ais_msg_22.py; sourceTree = "<group>"; };
		3E1E56751906FAE300252F1C /* ais_msg_22.xml */ = {isa = PBXFileReference; lastKnownFileType = text.xml; path = ais_msg_22.xml; sourceTree = "<group>"; };
		3E1E56761906FAE300252F1C /* ais_msg_23.html */ = {isa = PBXFileReference; lastKnownFileType = text.html; path = ais_msg_23.html; sourceTree = "<group>"; };
		3E1E56771906FAE300252F1C /* ais_msg_23.py */ = {isa = PBXFileReference; lastKnownFileType = text.script.python; path = ais_msg_23.py; sourceTree = "<group>"; };
		3E1E56781906FAE300252F1C /* ais_msg_23.xml */ = {isa = PBXFileReference; lastKnownFileType = text.xml; path = ais_msg_23.xml; sourceTree = "<group>"; };
		3E1E56791906FAE300252F1C /* ais_msg_24_handcoded.py */ = {isa = PBXFileReference; lastKnownFileType = text.script.python; path = ais_msg_24_handcoded.py; sourceTree = "<group>"; };
		3E1E567A1906FAE300252F1C /* ais_msg_2_handcoded.py */ = {isa = PBXFileReference; lastKnownFileType = text.script.python; path = ais_msg_2_handcoded.py; sourceTree = "<group>"; };
		3E1E567B1906FAE300252F1C /* ais_msg_3.html */ = {isa = PBXFileReference; lastKnownFileType = text.html; path = ais_msg_3.html; sourceTree = "<group>"; };
		3E1E567C1906FAE300252F1C /* ais_msg_3.py */ = {isa = PBXFileReference; lastKnownFileType = text.script.python; path = ais_msg_3.py; sourceTree = "<group>"; };
		3E1E567D1906FAE300252F1C /* ais_msg_3.xml */ = {isa = PBXFileReference; lastKnownFileType = text.xml; path = ais_msg_3.xml; sourceTree = "<group>"; };
		3E1E567E1906FAE300252F1C /* ais_msg_3_handcoded.py */ = {isa = PBXFileReference; lastKnownFileType = text.script.python; path = ais_msg_3_handcoded.py; sourceTree = "<group>"; };
		3E1E567F1906FAE300252F1C /* ais_msg_4.html */ = {isa = PBXFileReference; lastKnownFileType = text.html; path = ais_msg_4.html; sourceTree = "<group>"; };
		3E1E56801906FAE300252F1C /* ais_msg_4.py */ = {isa = PBXFileReference; lastKnownFileType = text.script.python; path = ais_msg_4.py; sourceTree = "<group>"; };
		3E1E56811906FAE300252F1C /* ais_msg_4.xml */ = {isa = PBXFileReference; lastKnownFileType = text.xml; path = ais_msg_4.xml; sourceTree = "<group>"; };
		3E1E56821906FAE300252F1C /* ais_msg_4_handcoded.py */ = {isa = PBXFileReference; lastKnownFileType = text.script.python; path = ais_msg_4_handcoded.py; sourceTree = "<group>"; };
		3E1E56831906FAE300252F1C /* ais_msg_5.html */ = {isa = PBXFileReference; lastKnownFileType = text.html; path = ais_msg_5.html; sourceTree = "<group>"; };
		3E1E56841906FAE300252F1C /* ais_msg_5.py */ = {isa = PBXFileReference; lastKnownFileType = text.script.python; path = ais_msg_5.py; sourceTree = "<group>"; };
		3E1E56851906FAE300252F1C /* ais_msg_5.xml */ = {isa = PBXFileReference; lastKnownFileType = text.xml; path = ais_msg_5.xml; sourceTree = "<group>"; };
		3E1E56861906FAE300252F1C /* ais_msg_5_utils.py */ = {isa = PBXFileReference; lastKnownFileType = text.script.python; path = ais_msg_5_utils.py; sourceTree = "<group>"; };
		3E1E56871906FAE300252F1C /* ais_msg_6.html */ = {isa = PBXFileReference; lastKnownFileType = text.html; path = ais_msg_6.html; sourceTree = "<group>"; };
		3E1E56881906FAE300252F1C /* ais_msg_6.py */ = {isa = PBXFileReference; lastKnownFileType = text.script.python; path = ais_msg_6.py; sourceTree = "<group>"; };
		3E1E56891906FAE300252F1C /* ais_msg_6.xml */ = {isa = PBXFileReference; lastKnownFileType = text.xml; path = ais_msg_6.xml; sourceTree = "<group>"; };
		3E1E568A1906FAE300252F1C /* ais_msg_7.html */ = {isa = PBXFileReference; lastKnownFileType = text.html; path = ais_msg_7.html; sourceTree = "<group>"; };
		3E1E568B1906FAE300252F1C /* ais_msg_7.py */ = {isa = PBXFileReference; lastKnownFileType = text.script.python; path = ais_msg_7.py; sourceTree = "<group>"; };
		3E1E568C1906FAE300252F1C /* ais_msg_7.xml */ = {isa = PBXFileReference; lastKnownFileType = text.xml; path = ais_msg_7.xml; sourceTree = "<group>"; };
		3E1E568D1906FAE300252F1C /* ais_msg_7_handcoded.py */ = {isa = PBXFileReference; lastKnownFileType = text.script.python; path = ais_msg_7_handcoded.py; sourceTree = "<group>"; };
		3E1E568E1906FAE300252F1C /* ais_msg_8.html */ = {isa = PBXFileReference; lastKnownFileType = text.html; path = ais_msg_8.html; sourceTree = "<group>"; };
		3E1E568F1906FAE300252F1C /* ais_msg_8.py */ = {isa = PBXFileReference; lastKnownFileType = text.script.python; path = ais_msg_8.py; sourceTree = "<group>"; };
		3E1E56901906FAE300252F1C /* ais_msg_8.xml */ = {isa = PBXFileReference; lastKnownFileType = text.xml; path = ais_msg_8.xml; sourceTree = "<group>"; };
		3E1E56911906FAE300252F1C /* ais_msg_9.html */ = {isa = PBXFileReference; lastKnownFileType = text.html; path = ais_msg_9.html; sourceTree = "<group>"; };
		3E1E56921906FAE300252F1C /* ais_msg_9.py */ = {isa = PBXFileReference; lastKnownFileType = text.script.python; path = ais_msg_9.py; sourceTree = "<group>"; };
		3E1E56931906FAE300252F1C /* ais_msg_9.xml */ = {isa = PBXFileReference; lastKnownFileType = text.xml; path = ais_msg_9.xml; sourceTree = "<group>"; };
		3E1E56941906FAE300252F1C /* aisfield.py */ = {isa = PBXFileReference; lastKnownFileType = text.script.python; path = aisfield.py; sourceTree = "<group>"; };
		3E1E56951906FAE300252F1C /* aisstring.py */ = {isa = PBXFileReference; lastKnownFileType = text.script.python; path = aisstring.py; sourceTree = "<group>"; };
		3E1E56961906FAE300252F1C /* allaistypes.html */ = {isa = PBXFileReference; lastKnownFileType = text.html; path = allaistypes.html; sourceTree = "<group>"; };
		3E1E56971906FAE300252F1C /* allaistypes.py */ = {isa = PBXFileReference; lastKnownFileType = text.script.python; path = allaistypes.py; sourceTree = "<group>"; };
		3E1E56981906FAE300252F1C /* allaistypes.xml */ = {isa = PBXFileReference; lastKnownFileType = text.xml; path = allaistypes.xml; sourceTree = "<group>"; };
		3E1E56991906FAE300252F1C /* binary.py */ = {isa = PBXFileReference; lastKnownFileType = text.script.python; path = binary.py; sourceTree = "<group>"; };
		3E1E569A1906FAE300252F1C /* BitVector.py */ = {isa = PBXFileReference; lastKnownFileType = text.script.python; path = BitVector.py; sourceTree = "<group>"; };
		3E1E569B1906FAE300252F1C /* commstate.py */ = {isa = PBXFileReference; lastKnownFileType = text.script.python; path = commstate.py; sourceTree = "<group>"; };
		3E1E569C1906FAE300252F1C /* exampleParser.py */ = {isa = PBXFileReference; lastKnownFileType = text.script.python; path = exampleParser.py; sourceTree = "<group>"; };
		3E1E569D1906FAE300252F1C /* expandais.py */ = {isa = PBXFileReference; lastKnownFileType = text.script.python; path = expandais.py; sourceTree = "<group>"; };
		3E1E569E1906FAE300252F1C /* imo_001_11.html */ = {isa = PBXFileReference; lastKnownFileType = text.html; path = imo_001_11.html; sourceTree = "<group>"; };
		3E1E569F1906FAE300252F1C /* imo_001_11.py */ = {isa = PBXFileReference; lastKnownFileType = text.script.python; path = imo_001_11.py; sourceTree = "<group>"; };
		3E1E56A01906FAE300252F1C /* imo_001_11.xml */ = {isa = PBXFileReference; lastKnownFileType = text.xml; path = imo_001_11.xml; sourceTree = "<group>"; };
		3E1E56A11906FAE300252F1C /* imo_001_11_handcoded.py */ = {isa = PBXFileReference; lastKnownFileType = text.script.python; path = imo_001_11_handcoded.py; sourceTree = "<group>"; };
		3E1E56A21906FAE300252F1C /* imo_001_13.html */ = {isa = PBXFileReference; lastKnownFileType = text.html; path = imo_001_13.html; sourceTree = "<group>"; };
		3E1E56A31906FAE300252F1C /* imo_001_13.py */ = {isa = PBXFileReference; lastKnownFileType = text.script.python; path = imo_001_13.py; sourceTree = "<group>"; };
		3E1E56A41906FAE300252F1C /* imo_001_13.xml */ = {isa = PBXFileReference; lastKnownFileType = text.xml; path = imo_001_13.xml; sourceTree = "<group>"; };
		3E1E56A51906FAE300252F1C /* imo_001_14.html */ = {isa = PBXFileReference; lastKnownFileType = text.html; path = imo_001_14.html; sourceTree = "<group>"; };
		3E1E56A61906FAE300252F1C /* imo_001_14.py */ = {isa = PBXFileReference; lastKnownFileType = text.script.python; path = imo_001_14.py; sourceTree = "<group>"; };
		3E1E56A71906FAE300252F1C /* imo_001_14.xml */ = {isa = PBXFileReference; lastKnownFileType = text.xml; path = imo_001_14.xml; sourceTree = "<group>"; };
		3E1E56A81906FAE300252F1C /* Makefile */ = {isa = PBXFileReference; lastKnownFileType = sourcecode.make; path = Makefile; sourceTree = "<group>"; };
		3E1E56A91906FAE300252F1C /* nmea.py */ = {isa = PBXFileReference; lastKnownFileType = text.script.python; path = nmea.py; sourceTree = "<group>"; };
		3E1E56AB1906FAE300252F1C /* Makefile */ = {isa = PBXFileReference; lastKnownFileType = sourcecode.make; path = Makefile; sourceTree = "<group>"; };
		3E1E56AC1906FAE300252F1C /* waterlevel.html */ = {isa = PBXFileReference; lastKnownFileType = text.html; path = waterlevel.html; sourceTree = "<group>"; };
		3E1E56AD1906FAE300252F1C /* waterlevel.xml */ = {isa = PBXFileReference; lastKnownFileType = text.xml; path = waterlevel.xml; sourceTree = "<group>"; };
		3E1E56AF1906FAE300252F1C /* Makefile */ = {isa = PBXFileReference; lastKnownFileType = sourcecode.make; path = Makefile; sourceTree = "<group>"; };
		3E1E56B01906FAE300252F1C /* rtcm-20-zone.xml */ = {isa = PBXFileReference; lastKnownFileType = text.xml; path = "rtcm-20-zone.xml"; sourceTree = "<group>"; };
		3E1E56B21906FAE300252F1C /* estlocktimes.html */ = {isa = PBXFileReference; lastKnownFileType = text.html; path = estlocktimes.html; sourceTree = "<group>"; };
		3E1E56B31906FAE300252F1C /* estlocktimes.xml */ = {isa = PBXFileReference; lastKnownFileType = text.xml; path = estlocktimes.xml; sourceTree = "<group>"; };
		3E1E56B41906FAE300252F1C /* header.xml */ = {isa = PBXFileReference; lastKnownFileType = text.xml; path = header.xml; sourceTree = "<group>"; };
		3E1E56B51906FAE300252F1C /* lockorder.html */ = {isa = PBXFileReference; lastKnownFileType = text.html; path = lockorder.html; sourceTree = "<group>"; };
		3E1E56B61906FAE300252F1C /* lockorder.xml */ = {isa = PBXFileReference; lastKnownFileType = text.xml; path = lockorder.xml; sourceTree = "<group>"; };
		3E1E56B71906FAE300252F1C /* lockschedule.html */ = {isa = PBXFileReference; lastKnownFileType = text.html; path = lockschedule.html; sourceTree = "<group>"; };
		3E1E56B81906FAE300252F1C /* lockschedule.xml */ = {isa = PBXFileReference; lastKnownFileType = text.xml; path = lockschedule.xml; sourceTree = "<group>"; };
		3E1E56B91906FAE300252F1C /* Makefile */ = {isa = PBXFileReference; lastKnownFileType = sourcecode.make; path = Makefile; sourceTree = "<group>"; };
		3E1E56BA1906FAE300252F1C /* structures.xml */ = {isa = PBXFileReference; lastKnownFileType = text.xml; path = structures.xml; sourceTree = "<group>"; };
		3E1E56BB1906FAE300252F1C /* waterflow.html */ = {isa = PBXFileReference; lastKnownFileType = text.html; path = waterflow.html; sourceTree = "<group>"; };
		3E1E56BC1906FAE300252F1C /* waterflow.xml */ = {isa = PBXFileReference; lastKnownFileType = text.xml; path = waterflow.xml; sourceTree = "<group>"; };
		3E1E56BD1906FAE300252F1C /* waterlevel.html */ = {isa = PBXFileReference; lastKnownFileType = text.html; path = waterlevel.html; sourceTree = "<group>"; };
		3E1E56BE1906FAE300252F1C /* waterlevel.xml */ = {isa = PBXFileReference; lastKnownFileType = text.xml; path = waterlevel.xml; sourceTree = "<group>"; };
		3E1E56BF1906FAE300252F1C /* weatherreport.html */ = {isa = PBXFileReference; lastKnownFileType = text.html; path = weatherreport.html; sourceTree = "<group>"; };
		3E1E56C01906FAE300252F1C /* weatherreport.xml */ = {isa = PBXFileReference; lastKnownFileType = text.xml; path = weatherreport.xml; sourceTree = "<group>"; };
		3E1E56C11906FAE300252F1C /* wind.html */ = {isa = PBXFileReference; lastKnownFileType = text.html; path = wind.html; sourceTree = "<group>"; };
		3E1E56C21906FAE300252F1C /* wind.xml */ = {isa = PBXFileReference; lastKnownFileType = text.xml; path = wind.xml; sourceTree = "<group>"; };
		3E1E56C31906FAE300252F1C /* sqlhelp.py */ = {isa = PBXFileReference; lastKnownFileType = text.script.python; path = sqlhelp.py; sourceTree = "<group>"; };
		3E1E56C41906FAE300252F1C /* structs-inc.xml */ = {isa = PBXFileReference; lastKnownFileType = text.xml; path = "structs-inc.xml"; sourceTree = "<group>"; };
		3E1E56C61906FAE300252F1C /* ais_msg_1_1.xml */ = {isa = PBXFileReference; lastKnownFileType = text.xml; path = ais_msg_1_1.xml; sourceTree = "<group>"; };
		3E1E56C71906FAE300252F1C /* ais_msg_8_1.xml */ = {isa = PBXFileReference; lastKnownFileType = text.xml; path = ais_msg_8_1.xml; sourceTree = "<group>"; };
		3E1E56C81906FAE300252F1C /* sls_waterlevel_3_1.xml */ = {isa = PBXFileReference; lastKnownFileType = text.xml; path = sls_waterlevel_3_1.xml; sourceTree = "<group>"; };
		3E1E56C91906FAE300252F1C /* sls_waterlevel_3_2.xml */ = {isa = PBXFileReference; lastKnownFileType = text.xml; path = sls_waterlevel_3_2.xml; sourceTree = "<group>"; };
		3E1E56CA1906FAE300252F1C /* sls_wind_2_1.xml */ = {isa = PBXFileReference; lastKnownFileType = text.xml; path = sls_wind_2_1.xml; sourceTree = "<group>"; };
		3E1E56CB1906FAE300252F1C /* test.py */ = {isa = PBXFileReference; lastKnownFileType = text.script.python; path = test.py; sourceTree = "<group>"; };
		3E1E56CC1906FAE300252F1C /* test_sls_waterlevel.py */ = {isa = PBXFileReference; lastKnownFileType = text.script.python; path = test_sls_waterlevel.py; sourceTree = "<group>"; };
		3E1E56CD1906FAE300252F1C /* timed_circular_notice.html */ = {isa = PBXFileReference; lastKnownFileType = text.html; path = timed_circular_notice.html; sourceTree = "<group>"; };
		3E1E56CE1906FAE300252F1C /* timed_circular_notice.py */ = {isa = PBXFileReference; lastKnownFileType = text.script.python; path = timed_circular_notice.py; sourceTree = "<group>"; };
		3E1E56CF1906FAE300252F1C /* timed_circular_notice.xml */ = {isa = PBXFileReference; lastKnownFileType = text.xml; path = timed_circular_notice.xml; sourceTree = "<group>"; };
		3E1E56D01906FAE300252F1C /* translators.py */ = {isa = PBXFileReference; lastKnownFileType = text.script.python; path = translators.py; sourceTree = "<group>"; };
		3E1E56D11906FAE300252F1C /* waterlevel.html */ = {isa = PBXFileReference; lastKnownFileType = text.html; path = waterlevel.html; sourceTree = "<group>"; };
		3E1E56D21906FAE300252F1C /* waterlevel.py */ = {isa = PBXFileReference; lastKnownFileType = text.script.python; path = waterlevel.py; sourceTree = "<group>"; };
		3E1E56D31906FAE300252F1C /* waterlevel.xml */ = {isa = PBXFileReference; lastKnownFileType = text.xml; path = waterlevel.xml; sourceTree = "<group>"; };
		3E1E56D41906FAE300252F1C /* waterlevel2.html */ = {isa = PBXFileReference; lastKnownFileType = text.html; path = waterlevel2.html; sourceTree = "<group>"; };
		3E1E56D51906FAE300252F1C /* waterlevel2.py */ = {isa = PBXFileReference; lastKnownFileType = text.script.python; path = waterlevel2.py; sourceTree = "<group>"; };
		3E1E56D61906FAE300252F1C /* waterlevel2.xml */ = {isa = PBXFileReference; lastKnownFileType = text.xml; path = waterlevel2.xml; sourceTree = "<group>"; };
		3E1E56D71906FAE300252F1C /* whalenotice.html */ = {isa = PBXFileReference; lastKnownFileType = text.html; path = whalenotice.html; sourceTree = "<group>"; };
		3E1E56D81906FAE300252F1C /* whalenotice.py */ = {isa = PBXFileReference; lastKnownFileType = text.script.python; path = whalenotice.py; sourceTree = "<group>"; };
		3E1E56D91906FAE300252F1C /* whalenotice.xml */ = {isa = PBXFileReference; lastKnownFileType = text.xml; path = whalenotice.xml; sourceTree = "<group>"; };
		3E1E56DA1906FAE400252F1C /* whalenotice1.html */ = {isa = PBXFileReference; lastKnownFileType = text.html; path = whalenotice1.html; sourceTree = "<group>"; };
		3E1E56DB1906FAE400252F1C /* whalenotice1.py */ = {isa = PBXFileReference; lastKnownFileType = text.script.python; path = whalenotice1.py; sourceTree = "<group>"; };
		3E1E56DC1906FAE400252F1C /* whalenotice1.xml */ = {isa = PBXFileReference; lastKnownFileType = text.xml; path = whalenotice1.xml; sourceTree = "<group>"; };
		3E1E56DD1906FAE400252F1C /* whalenotice2.html */ = {isa = PBXFileReference; lastKnownFileType = text.html; path = whalenotice2.html; sourceTree = "<group>"; };
		3E1E56DE1906FAE400252F1C /* whalenotice2.py */ = {isa = PBXFileReference; lastKnownFileType = text.script.python; path = whalenotice2.py; sourceTree = "<group>"; };
		3E1E56DF1906FAE400252F1C /* whalenotice2.xml */ = {isa = PBXFileReference; lastKnownFileType = text.xml; path = whalenotice2.xml; sourceTree = "<group>"; };
		3E1E56E11906FAE400252F1C /* __init__.py */ = {isa = PBXFileReference; lastKnownFileType = text.script.python; path = __init__.py; sourceTree = "<group>"; };
		3E1E56E21906FAE400252F1C /* daemon.py */ = {isa = PBXFileReference; lastKnownFileType = text.script.python; path = daemon.py; sourceTree = "<group>"; };
		3E1E56E31906FAE400252F1C /* database.py */ = {isa = PBXFileReference; lastKnownFileType = text.script.python; path = database.py; sourceTree = "<group>"; };
		3E1E56E41906FAE400252F1C /* grid.py */ = {isa = PBXFileReference; lastKnownFileType = text.script.python; path = grid.py; sourceTree = "<group>"; };
		3E1E56E51906FAE400252F1C /* nmea_ait.py */ = {isa = PBXFileReference; lastKnownFileType = text.script.python; path = nmea_ait.py; sourceTree = "<group>"; };
		3E1E56E61906FAE400252F1C /* nmea_cnc.py */ = {isa = PBXFileReference; lastKnownFileType = text.script.python; path = nmea_cnc.py; sourceTree = "<group>"; };
		3E1E56E71906FAE400252F1C /* normalize.py */ = {isa = PBXFileReference; lastKnownFileType = text.script.python; path = normalize.py; sourceTree = "<group>"; };
		3E1E56E81906FAE400252F1C /* server.py */ = {isa = PBXFileReference; lastKnownFileType = text.script.python; path = server.py; sourceTree = "<group>"; };
		3E1E56E91906FAE400252F1C /* uscg.py */ = {isa = PBXFileReference; lastKnownFileType = text.script.python; path = uscg.py; sourceTree = "<group>"; };
		3E1E56EA1906FAE400252F1C /* wkb.py */ = {isa = PBXFileReference; lastKnownFileType = text.script.python; path = wkb.py; sourceTree = "<group>"; };
		3E1E56EB1906FAE400252F1C /* ChangeLog.html */ = {isa = PBXFileReference; lastKnownFileType = text.html; path = ChangeLog.html; sourceTree = "<group>"; };
		3E1E56EC1906FAE400252F1C /* control.in */ = {isa = PBXFileReference; lastKnownFileType = text; path = control.in; sourceTree = "<group>"; };
		3E1E56ED1906FAE400252F1C /* COPYING */ = {isa = PBXFileReference; lastKnownFileType = text; path = COPYING; sourceTree = "<group>"; };
		3E1E56EF1906FAE400252F1C /* gsc.dat */ = {isa = PBXFileReference; lastKnownFileType = text; path = gsc.dat; sourceTree = "<group>"; };
		3E1E56F01906FAE400252F1C /* mmsi_prefix.sql */ = {isa = PBXFileReference; lastKnownFileType = text; path = mmsi_prefix.sql; sourceTree = "<group>"; };
		3E1E56F11906FAE400252F1C /* stellwagen.dat */ = {isa = PBXFileReference; lastKnownFileType = text; path = stellwagen.dat; sourceTree = "<group>"; };
		3E1E56F41906FAE400252F1C /* __init__.py */ = {isa = PBXFileReference; lastKnownFileType = text.script.python; path = __init__.py; sourceTree = "<group>"; };
		3E1E56F61906FAE400252F1C /* __init__.py */ = {isa = PBXFileReference; lastKnownFileType = text.script.python; path = __init__.py; sourceTree = "<group>"; };
		3E1E56F71906FAE400252F1C /* dac.sql */ = {isa = PBXFileReference; lastKnownFileType = text; path = dac.sql; sourceTree = "<group>"; };
		3E1E56F81906FAE400252F1C /* models.py */ = {isa = PBXFileReference; lastKnownFileType = text.script.python; path = models.py; sourceTree = "<group>"; };
		3E1E56F91906FAE400252F1C /* preload.sql */ = {isa = PBXFileReference; lastKnownFileType = text; path = preload.sql; sourceTree = "<group>"; };
		3E1E56FA1906FAE400252F1C /* README.txt */ = {isa = PBXFileReference; lastKnownFileType = text; path = README.txt; sourceTree = "<group>"; };
		3E1E56FB1906FAE400252F1C /* views.py */ = {isa = PBXFileReference; lastKnownFileType = text.script.python; path = views.py; sourceTree = "<group>"; };
		3E1E56FC1906FAE400252F1C /* Makefile */ = {isa = PBXFileReference; lastKnownFileType = sourcecode.make; path = Makefile; sourceTree = "<group>"; };
		3E1E56FD1906FAE400252F1C /* manage.py */ = {isa = PBXFileReference; lastKnownFileType = text.script.python; path = manage.py; sourceTree = "<group>"; };
		3E1E56FF1906FAE400252F1C /* __init__.py */ = {isa = PBXFileReference; lastKnownFileType = text.script.python; path = __init__.py; sourceTree = "<group>"; };
		3E1E57001906FAE400252F1C /* models.py */ = {isa = PBXFileReference; lastKnownFileType = text.script.python; path = models.py; sourceTree = "<group>"; };
		3E1E57011906FAE400252F1C /* views.py */ = {isa = PBXFileReference; lastKnownFileType = text.script.python; path = views.py; sourceTree = "<group>"; };
		3E1E57021906FAE400252F1C /* settings.py */ = {isa = PBXFileReference; lastKnownFileType = text.script.python; path = settings.py; sourceTree = "<group>"; };
		3E1E57031906FAE400252F1C /* urls.py */ = {isa = PBXFileReference; lastKnownFileType = text.script.python; path = urls.py; sourceTree = "<group>"; };
		3E1E57041906FAE400252F1C /* README.txt */ = {isa = PBXFileReference; lastKnownFileType = text; path = README.txt; sourceTree = "<group>"; };
		3E1E57061906FAE400252F1C /* ais-messages-HEADER.html */ = {isa = PBXFileReference; lastKnownFileType = text.html; path = "ais-messages-HEADER.html"; sourceTree = "<group>"; };
		3E1E57071906FAE400252F1C /* ais.bib */ = {isa = PBXFileReference; lastKnownFileType = text; path = ais.bib; sourceTree = "<group>"; };
		3E1E57081906FAE400252F1C /* configure-ais-logging.txt */ = {isa = PBXFileReference; lastKnownFileType = text; path = "configure-ais-logging.txt"; sourceTree = "<group>"; };
		3E1E57091906FAE400252F1C /* database-setup.txt */ = {isa = PBXFileReference; lastKnownFileType = text; path = "database-setup.txt"; sourceTree = "<group>"; };
		3E1E570A1906FAE400252F1C /* esr-review.txt */ = {isa = PBXFileReference; lastKnownFileType = text; path = "esr-review.txt"; sourceTree = "<group>"; };
		3E1E570B1906FAE400252F1C /* main-HEADER.html */ = {isa = PBXFileReference; lastKnownFileType = text.html; path = "main-HEADER.html"; sourceTree = "<group>"; };
		3E1E570C1906FAE400252F1C /* README.txt */ = {isa = PBXFileReference; lastKnownFileType = text; path = README.txt; sourceTree = "<group>"; };
		3E1E570F1906FAE400252F1C /* __init__.py */ = {isa = PBXFileReference; lastKnownFileType = text.script.python; path = __init__.py; sourceTree = "<group>"; };
		3E1E57111906FAE400252F1C /* __init__.py */ = {isa = PBXFileReference; lastKnownFileType = text.script.python; path = __init__.py; sourceTree = "<group>"; };
		3E1E57121906FAE400252F1C /* models.py */ = {isa = PBXFileReference; lastKnownFileType = text.script.python; path = models.py; sourceTree = "<group>"; };
		3E1E57131906FAE400252F1C /* urls.py */ = {isa = PBXFileReference; lastKnownFileType = text.script.python; path = urls.py; sourceTree = "<group>"; };
		3E1E57141906FAE400252F1C /* views.py */ = {isa = PBXFileReference; lastKnownFileType = text.script.python; path = views.py; sourceTree = "<group>"; };
		3E1E57161906FAE400252F1C /* __init__.py */ = {isa = PBXFileReference; lastKnownFileType = text.script.python; path = __init__.py; sourceTree = "<group>"; };
		3E1E57171906FAE400252F1C /* dac.sql */ = {isa = PBXFileReference; lastKnownFileType = text; path = dac.sql; sourceTree = "<group>"; };
		3E1E57181906FAE400252F1C /* models.py */ = {isa = PBXFileReference; lastKnownFileType = text.script.python; path = models.py; sourceTree = "<group>"; };
		3E1E57191906FAE400252F1C /* preload.sql */ = {isa = PBXFileReference; lastKnownFileType = text; path = preload.sql; sourceTree = "<group>"; };
		3E1E571A1906FAE400252F1C /* README.txt */ = {isa = PBXFileReference; lastKnownFileType = text; path = README.txt; sourceTree = "<group>"; };
		3E1E571B1906FAE400252F1C /* urls.py */ = {isa = PBXFileReference; lastKnownFileType = text.script.python; path = urls.py; sourceTree = "<group>"; };
		3E1E571C1906FAE400252F1C /* views.py */ = {isa = PBXFileReference; lastKnownFileType = text.script.python; path = views.py; sourceTree = "<group>"; };
		3E1E571D1906FAE400252F1C /* hello.py */ = {isa = PBXFileReference; lastKnownFileType = text.script.python; path = hello.py; sourceTree = "<group>"; };
		3E1E571E1906FAE400252F1C /* hello_template.py */ = {isa = PBXFileReference; lastKnownFileType = text.script.python; path = hello_template.py; sourceTree = "<group>"; };
		3E1E571F1906FAE400252F1C /* Makefile */ = {isa = PBXFileReference; lastKnownFileType = sourcecode.make; path = Makefile; sourceTree = "<group>"; };
		3E1E57201906FAE400252F1C /* manage.py */ = {isa = PBXFileReference; lastKnownFileType = text.script.python; path = manage.py; sourceTree = "<group>"; };
		3E1E57211906FAE400252F1C /* settings.py */ = {isa = PBXFileReference; lastKnownFileType = text.script.python; path = settings.py; sourceTree = "<group>"; };
		3E1E57231906FAE400252F1C /* current_datetime.html */ = {isa = PBXFileReference; lastKnownFileType = text.html; path = current_datetime.html; sourceTree = "<group>"; };
		3E1E57241906FAE400252F1C /* urls.py */ = {isa = PBXFileReference; lastKnownFileType = text.script.python; path = urls.py; sourceTree = "<group>"; };
		3E1E57261906FAE400252F1C /* ais-forward */ = {isa = PBXFileReference; lastKnownFileType = text.script.sh; path = "ais-forward"; sourceTree = "<group>"; };
		3E1E57271906FAE400252F1C /* logais */ = {isa = PBXFileReference; lastKnownFileType = text.script.sh; path = logais; sourceTree = "<group>"; };
		3E1E57281906FAE400252F1C /* logtide */ = {isa = PBXFileReference; lastKnownFileType = text.script.sh; path = logtide; sourceTree = "<group>"; };
		3E1E57291906FAE400252F1C /* LICENSE */ = {isa = PBXFileReference; lastKnownFileType = text; path = LICENSE; sourceTree = "<group>"; };
		3E1E572A1906FAE400252F1C /* make_waterlevel_ais.py */ = {isa = PBXFileReference; lastKnownFileType = text.script.python; path = make_waterlevel_ais.py; sourceTree = "<group>"; };
		3E1E572B1906FAE400252F1C /* Makefile */ = {isa = PBXFileReference; lastKnownFileType = sourcecode.make; path = Makefile; sourceTree = "<group>"; };
		3E1E572C1906FAE400252F1C /* MANIFEST.in */ = {isa = PBXFileReference; lastKnownFileType = text; path = MANIFEST.in; sourceTree = "<group>"; };
		3E1E572E1906FAE400252F1C /* __init__.py */ = {isa = PBXFileReference; lastKnownFileType = text.script.python; path = __init__.py; sourceTree = "<group>"; };
		3E1E572F1906FAE400252F1C /* checksum.py */ = {isa = PBXFileReference; lastKnownFileType = text.script.python; path = checksum.py; sourceTree = "<group>"; };
		3E1E57301906FAE400252F1C /* gga.py */ = {isa = PBXFileReference; lastKnownFileType = text.script.python; path = gga.py; sourceTree = "<group>"; };
		3E1E57311906FAE400252F1C /* nmea_error.py */ = {isa = PBXFileReference; lastKnownFileType = text.script.python; path = nmea_error.py; sourceTree = "<group>"; };
		3E1E57321906FAE400252F1C /* rmc.py */ = {isa = PBXFileReference; lastKnownFileType = text.script.python; path = rmc.py; sourceTree = "<group>"; };
		3E1E57331906FAE400252F1C /* zda.py */ = {isa = PBXFileReference; lastKnownFileType = text.script.python; path = zda.py; sourceTree = "<group>"; };
		3E1E57341906FAE400252F1C /* znt.py */ = {isa = PBXFileReference; lastKnownFileType = text.script.python; path = znt.py; sourceTree = "<group>"; };
		3E1E57351906FAE400252F1C /* noaa_waterlevel_ais.bash */ = {isa = PBXFileReference; lastKnownFileType = text.script.sh; path = noaa_waterlevel_ais.bash; sourceTree = "<group>"; };
		3E1E57371906FAE400252F1C /* __init__.py */ = {isa = PBXFileReference; lastKnownFileType = text.script.python; path = __init__.py; sourceTree = "<group>"; };
		3E1E57381906FAE400252F1C /* dumpallwl.py */ = {isa = PBXFileReference; lastKnownFileType = text.script.python; path = dumpallwl.py; sourceTree = "<group>"; };
		3E1E57391906FAE400252F1C /* stations-soap.xml */ = {isa = PBXFileReference; lastKnownFileType = text.xml; path = "stations-soap.xml"; sourceTree = "<group>"; };
		3E1E573A1906FAE400252F1C /* stations.py */ = {isa = PBXFileReference; lastKnownFileType = text.script.python; path = stations.py; sourceTree = "<group>"; };
		3E1E573B1906FAE400252F1C /* tideserver.py */ = {isa = PBXFileReference; lastKnownFileType = text.script.python; path = tideserver.py; sourceTree = "<group>"; };
		3E1E573C1906FAE400252F1C /* waterlevel_dap.py */ = {isa = PBXFileReference; lastKnownFileType = text.script.python; path = waterlevel_dap.py; sourceTree = "<group>"; };
		3E1E573D1906FAE400252F1C /* waterlevelraw.py */ = {isa = PBXFileReference; lastKnownFileType = text.script.python; path = waterlevelraw.py; sourceTree = "<group>"; };
		3E1E573E1906FAE400252F1C /* noaadata-py.info.in */ = {isa = PBXFileReference; lastKnownFileType = text; path = "noaadata-py.info.in"; sourceTree = "<group>"; };
		3E1E57401906FAE400252F1C /* dependency_links.txt */ = {isa = PBXFileReference; lastKnownFileType = text; path = dependency_links.txt; sourceTree = "<group>"; };
		3E1E57411906FAE400252F1C /* PKG-INFO */ = {isa = PBXFileReference; lastKnownFileType = text; path = "PKG-INFO"; sourceTree = "<group>"; };
		3E1E57421906FAE400252F1C /* SOURCES.txt */ = {isa = PBXFileReference; lastKnownFileType = text; path = SOURCES.txt; sourceTree = "<group>"; };
		3E1E57431906FAE400252F1C /* top_level.txt */ = {isa = PBXFileReference; lastKnownFileType = text; path = top_level.txt; sourceTree = "<group>"; };
		3E1E57441906FAE400252F1C /* PKG-INFO */ = {isa = PBXFileReference; lastKnownFileType = text; path = "PKG-INFO"; sourceTree = "<group>"; };
		3E1E57451906FAE400252F1C /* README */ = {isa = PBXFileReference; lastKnownFileType = text; path = README; sourceTree = "<group>"; };
		3E1E57471906FAE400252F1C /* adjust_time.py */ = {isa = PBXFileReference; lastKnownFileType = text.script.python; path = adjust_time.py; sourceTree = "<group>"; };
		3E1E57481906FAE400252F1C /* ais_filter_by_mmsi.cxx */ = {isa = PBXFileReference; lastKnownFileType = sourcecode.cpp.cpp; path = ais_filter_by_mmsi.cxx; sourceTree = "<group>"; };
		3E1E57491906FAE400252F1C /* ais_pg_dailyvessels.py */ = {isa = PBXFileReference; lastKnownFileType = text.script.python; path = ais_pg_dailyvessels.py; sourceTree = "<group>"; };
		3E1E574A1906FAE400252F1C /* ais_pg_import2006spreadsheet.py */ = {isa = PBXFileReference; lastKnownFileType = text.script.python; path = ais_pg_import2006spreadsheet.py; sourceTree = "<group>"; };
		3E1E574B1906FAE400252F1C /* ais_pg_monthhistogram.py */ = {isa = PBXFileReference; lastKnownFileType = text.script.python; path = ais_pg_monthhistogram.py; sourceTree = "<group>"; };
		3E1E574C1906FAE400252F1C /* ais_pg_speedsummary.py */ = {isa = PBXFileReference; lastKnownFileType = text.script.python; path = ais_pg_speedsummary.py; sourceTree = "<group>"; };
		3E1E574D1906FAE400252F1C /* ais_pg_transitsummary.py */ = {isa = PBXFileReference; lastKnownFileType = text.script.python; path = ais_pg_transitsummary.py; sourceTree = "<group>"; };
		3E1E574E1906FAE400252F1C /* ais_pg_vesselsummary.py */ = {isa = PBXFileReference; lastKnownFileType = text.script.python; path = ais_pg_vesselsummary.py; sourceTree = "<group>"; };
		3E1E574F1906FAE400252F1C /* bbm.py */ = {isa = PBXFileReference; lastKnownFileType = text.script.python; path = bbm.py; sourceTree = "<group>"; };
		3E1E57501906FAE400252F1C /* bogus_unittest.py */ = {isa = PBXFileReference; lastKnownFileType = text.script.python; path = bogus_unittest.py; sourceTree = "<group>"; };
		3E1E57511906FAE400252F1C /* build-time-notice-test-data.sh */ = {isa = PBXFileReference; lastKnownFileType = text.script.sh; path = "build-time-notice-test-data.sh"; sourceTree = "<group>"; };
		3E1E57521906FAE400252F1C /* buildais.py */ = {isa = PBXFileReference; lastKnownFileType = text.script.python; path = buildais.py; sourceTree = "<group>"; };
		3E1E57531906FAE400252F1C /* cptimestamp2front.py */ = {isa = PBXFileReference; lastKnownFileType = text.script.python; path = cptimestamp2front.py; sourceTree = "<group>"; };
		3E1E57541906FAE400252F1C /* gsc-and-tss.dat */ = {isa = PBXFileReference; lastKnownFileType = text; path = "gsc-and-tss.dat"; sourceTree = "<group>"; };
		3E1E57551906FAE400252F1C /* gsc-and-tss.kml */ = {isa = PBXFileReference; lastKnownFileType = text.xml; path = "gsc-and-tss.kml"; sourceTree = "<group>"; };
		3E1E57561906FAE400252F1C /* gsc-bbox.kml */ = {isa = PBXFileReference; lastKnownFileType = text.xml; path = "gsc-bbox.kml"; sourceTree = "<group>"; };
		3E1E57571906FAE400252F1C /* gsc.dat */ = {isa = PBXFileReference; lastKnownFileType = text; path = gsc.dat; sourceTree = "<group>"; };
		3E1E57581906FAE400252F1C /* gsc.kml */ = {isa = PBXFileReference; lastKnownFileType = text.xml; path = gsc.kml; sourceTree = "<group>"; };
		3E1E57591906FAE400252F1C /* gsc.tss.dat */ = {isa = PBXFileReference; lastKnownFileType = text; path = gsc.tss.dat; sourceTree = "<group>"; };
		3E1E575A1906FAE400252F1C /* gsc.tss.kml */ = {isa = PBXFileReference; lastKnownFileType = text.xml; path = gsc.tss.kml; sourceTree = "<group>"; };
		3E1E575B1906FAE400252F1C /* kml_countdown_placemark.py */ = {isa = PBXFileReference; lastKnownFileType = text.script.python; path = kml_countdown_placemark.py; sourceTree = "<group>"; };
		3E1E575C1906FAE400252F1C /* Makefile */ = {isa = PBXFileReference; lastKnownFileType = sourcecode.make; path = Makefile; sourceTree = "<group>"; };
		3E1E575D1906FAE400252F1C /* maru-xy.dat */ = {isa = PBXFileReference; lastKnownFileType = text; path = "maru-xy.dat"; sourceTree = "<group>"; };
		3E1E575E1906FAE400252F1C /* monthplots.gp */ = {isa = PBXFileReference; lastKnownFileType = text; path = monthplots.gp; sourceTree = "<group>"; };
		3E1E575F1906FAE400252F1C /* nmea.py */ = {isa = PBXFileReference; lastKnownFileType = text.script.python; path = nmea.py; sourceTree = "<group>"; };
		3E1E57601906FAE400252F1C /* nmeamessages.py */ = {isa = PBXFileReference; lastKnownFileType = text.script.python; path = nmeamessages.py; sourceTree = "<group>"; };
		3E1E57611906FAE400252F1C /* revelle2uscgold.py */ = {isa = PBXFileReference; lastKnownFileType = text.script.python; path = revelle2uscgold.py; sourceTree = "<group>"; };
		3E1E57621906FAE400252F1C /* sbnms-buoys-ab.xys */ = {isa = PBXFileReference; lastKnownFileType = text; path = "sbnms-buoys-ab.xys"; sourceTree = "<group>"; };
		3E1E57631906FAE400252F1C /* sbnms-buoys-ab.xyt */ = {isa = PBXFileReference; lastKnownFileType = text; path = "sbnms-buoys-ab.xyt"; sourceTree = "<group>"; };
		3E1E57641906FAE400252F1C /* sbnms.grd.cmd */ = {isa = PBXFileReference; lastKnownFileType = text.script.csh; path = sbnms.grd.cmd; sourceTree = "<group>"; };
		3E1E57651906FAE400252F1C /* six_min_avg.m */ = {isa = PBXFileReference; lastKnownFileType = sourcecode.c.objc; path = six_min_avg.m; sourceTree = "<group>"; };
		3E1E57661906FAE400252F1C /* soapclient.pl */ = {isa = PBXFileReference; lastKnownFileType = text.script.perl; path = soapclient.pl; sourceTree = "<group>"; };
		3E1E57671906FAE400252F1C /* stripfront.py */ = {isa = PBXFileReference; lastKnownFileType = text.script.python; path = stripfront.py; sourceTree = "<group>"; };
		3E1E57681906FAE400252F1C /* tideconvert.py */ = {isa = PBXFileReference; lastKnownFileType = text.script.python; path = tideconvert.py; sourceTree = "<group>"; };
		3E1E57691906FAE400252F1C /* timestamp.py */ = {isa = PBXFileReference; lastKnownFileType = text.script.python; path = timestamp.py; sourceTree = "<group>"; };
		3E1E576A1906FAE400252F1C /* timetest.py */ = {isa = PBXFileReference; lastKnownFileType = text.script.python; path = timetest.py; sourceTree = "<group>"; };
		3E1E576B1906FAE400252F1C /* whalemortality.dat */ = {isa = PBXFileReference; lastKnownFileType = text; path = whalemortality.dat; sourceTree = "<group>"; };
		3E1E576D1906FAE400252F1C /* ais-db */ = {isa = PBXFileReference; lastKnownFileType = text; path = "ais-db"; sourceTree = "<group>"; };
		3E1E576E1906FAE400252F1C /* ais-db-rebuild-cache-tables */ = {isa = PBXFileReference; lastKnownFileType = text; path = "ais-db-rebuild-cache-tables"; sourceTree = "<group>"; };
		3E1E576F1906FAE400252F1C /* ais-net-to-postgis */ = {isa = PBXFileReference; lastKnownFileType = text; path = "ais-net-to-postgis"; sourceTree = "<group>"; };
		3E1E57701906FAE400252F1C /* ais-port-forward */ = {isa = PBXFileReference; lastKnownFileType = text; path = "ais-port-forward"; sourceTree = "<group>"; };
		3E1E57711906FAE400252F1C /* ais-process-day.bash */ = {isa = PBXFileReference; lastKnownFileType = text.script.sh; path = "ais-process-day.bash"; sourceTree = "<group>"; };
		3E1E57721906FAE400252F1C /* ais-receive-bbox */ = {isa = PBXFileReference; lastKnownFileType = text; path = "ais-receive-bbox"; sourceTree = "<group>"; };
		3E1E57731906FAE400252F1C /* ais_5report.py */ = {isa = PBXFileReference; lastKnownFileType = text.script.python; path = ais_5report.py; sourceTree = "<group>"; };
		3E1E57741906FAE400252F1C /* ais_bin_msgs.py */ = {isa = PBXFileReference; lastKnownFileType = text.script.python; path = ais_bin_msgs.py; sourceTree = "<group>"; };
		3E1E57751906FAE400252F1C /* ais_build_postgis.py */ = {isa = PBXFileReference; lastKnownFileType = text.script.python; path = ais_build_postgis.py; sourceTree = "<group>"; };
		3E1E57761906FAE400252F1C /* ais_build_sqlite.py */ = {isa = PBXFileReference; lastKnownFileType = text.script.python; path = ais_build_sqlite.py; sourceTree = "<group>"; };
		3E1E57771906FAE400252F1C /* ais_build_sqlite3.py */ = {isa = PBXFileReference; lastKnownFileType = text.script.python; path = ais_build_sqlite3.py; sourceTree = "<group>"; };
		3E1E57781906FAE400252F1C /* ais_decimate_traffic.py */ = {isa = PBXFileReference; lastKnownFileType = text.script.python; path = ais_decimate_traffic.py; sourceTree = "<group>"; };
		3E1E57791906FAE400252F1C /* ais_distance.py */ = {isa = PBXFileReference; lastKnownFileType = text.script.python; path = ais_distance.py; sourceTree = "<group>"; };
		3E1E577A1906FAE400252F1C /* ais_dump_mmsi.py */ = {isa = PBXFileReference; lastKnownFileType = text.script.python; path = ais_dump_mmsi.py; sourceTree = "<group>"; };
		3E1E577B1906FAE400252F1C /* ais_dumpnames.py */ = {isa = PBXFileReference; lastKnownFileType = text.script.python; path = ais_dumpnames.py; sourceTree = "<group>"; };
		3E1E577C1906FAE400252F1C /* ais_filter.py */ = {isa = PBXFileReference; lastKnownFileType = text.script.python; path = ais_filter.py; sourceTree = "<group>"; };
		3E1E577D1906FAE400252F1C /* ais_info.py */ = {isa = PBXFileReference; lastKnownFileType = text.script.python; path = ais_info.py; sourceTree = "<group>"; };
		3E1E577E1906FAE400252F1C /* ais_liststations.py */ = {isa = PBXFileReference; lastKnownFileType = text.script.python; path = ais_liststations.py; sourceTree = "<group>"; };
		3E1E577F1906FAE400252F1C /* ais_names.py */ = {isa = PBXFileReference; lastKnownFileType = text.script.python; path = ais_names.py; sourceTree = "<group>"; };
		3E1E57801906FAE400252F1C /* ais_nmea_find_matches.py */ = {isa = PBXFileReference; lastKnownFileType = text.script.python; path = ais_nmea_find_matches.py; sourceTree = "<group>"; };
		3E1E57811906FAE400252F1C /* ais_nmea_info.py */ = {isa = PBXFileReference; lastKnownFileType = text.script.python; path = ais_nmea_info.py; sourceTree = "<group>"; };
		3E1E57821906FAE400252F1C /* ais_nmea_remove_dups.py */ = {isa = PBXFileReference; lastKnownFileType = text.script.python; path = ais_nmea_remove_dups.py; sourceTree = "<group>"; };
		3E1E57831906FAE400252F1C /* ais_nmea_uptime.py */ = {isa = PBXFileReference; lastKnownFileType = text.script.python; path = ais_nmea_uptime.py; sourceTree = "<group>"; };
		3E1E57841906FAE400252F1C /* ais_nmea_uptime2.py */ = {isa = PBXFileReference; lastKnownFileType = text.script.python; path = ais_nmea_uptime2.py; sourceTree = "<group>"; };
		3E1E57851906FAE400252F1C /* ais_nmea_uscg_timeshift.py */ = {isa = PBXFileReference; lastKnownFileType = text.script.python; path = ais_nmea_uscg_timeshift.py; sourceTree = "<group>"; };
		3E1E57861906FAE400252F1C /* ais_normalize.py */ = {isa = PBXFileReference; lastKnownFileType = text.script.python; path = ais_normalize.py; sourceTree = "<group>"; };
		3E1E57871906FAE400252F1C /* ais_oldlog2newlog.py */ = {isa = PBXFileReference; lastKnownFileType = text.script.python; path = ais_oldlog2newlog.py; sourceTree = "<group>"; };
		3E1E57881906FAE400252F1C /* ais_pg_create_transit_table.py */ = {isa = PBXFileReference; lastKnownFileType = text.script.python; path = ais_pg_create_transit_table.py; sourceTree = "<group>"; };
		3E1E57891906FAE400252F1C /* ais_pg_grid.py */ = {isa = PBXFileReference; lastKnownFileType = text.script.python; path = ais_pg_grid.py; sourceTree = "<group>"; };
		3E1E578A1906FAE400252F1C /* ais_pg_grid_transits.py */ = {isa = PBXFileReference; lastKnownFileType = text.script.python; path = ais_pg_grid_transits.py; sourceTree = "<group>"; };
		3E1E578B1906FAE400252F1C /* ais_pg_transitlines.py */ = {isa = PBXFileReference; lastKnownFileType = text.script.python; path = ais_pg_transitlines.py; sourceTree = "<group>"; };
		3E1E578C1906FAE400252F1C /* ais_pg_transitlines_noMakeLine.py */ = {isa = PBXFileReference; lastKnownFileType = text.script.python; path = ais_pg_transitlines_noMakeLine.py; sourceTree = "<group>"; };
		3E1E578D1906FAE400252F1C /* ais_position_in_polygon.py */ = {isa = PBXFileReference; lastKnownFileType = text.script.python; path = ais_position_in_polygon.py; sourceTree = "<group>"; };
		3E1E578E1906FAE400252F1C /* ais_positions.py */ = {isa = PBXFileReference; lastKnownFileType = text.script.python; path = ais_positions.py; sourceTree = "<group>"; };
		3E1E578F1906FAE400252F1C /* ais_sqlite_bsreport_analysis.py */ = {isa = PBXFileReference; lastKnownFileType = text.script.python; path = ais_sqlite_bsreport_analysis.py; sourceTree = "<group>"; };
		3E1E57901906FAE400252F1C /* ais_towersplit.py */ = {isa = PBXFileReference; lastKnownFileType = text.script.python; path = ais_towersplit.py; sourceTree = "<group>"; };
		3E1E57911906FAE400252F1C /* ais_traffic_analysis.py */ = {isa = PBXFileReference; lastKnownFileType = text.script.python; path = ais_traffic_analysis.py; sourceTree = "<group>"; };
		3E1E57921906FAE400252F1C /* ais_transits.py */ = {isa = PBXFileReference; lastKnownFileType = text.script.python; path = ais_transits.py; sourceTree = "<group>"; };
		3E1E57931906FAE400252F1C /* ais_uniq.py */ = {isa = PBXFileReference; lastKnownFileType = text.script.python; path = ais_uniq.py; sourceTree = "<group>"; };
		3E1E57941906FAE400252F1C /* ais_uscg_splitstations.py */ = {isa = PBXFileReference; lastKnownFileType = text.script.python; path = ais_uscg_splitstations.py; sourceTree = "<group>"; };
		3E1E57951906FAE400252F1C /* aisuser_monitor.py */ = {isa = PBXFileReference; lastKnownFileType = text.script.python; path = aisuser_monitor.py; sourceTree = "<group>"; };
		3E1E57961906FAE400252F1C /* aisxml2wxpy.py */ = {isa = PBXFileReference; lastKnownFileType = text.script.python; path = aisxml2wxpy.py; sourceTree = "<group>"; };
		3E1E57971906FAE400252F1C /* aisxmlbinmsg2py.py */ = {isa = PBXFileReference; lastKnownFileType = text.script.python; path = aisxmlbinmsg2py.py; sourceTree = "<group>"; };
		3E1E57981906FAE400252F1C /* bbox-to-kml */ = {isa = PBXFileReference; lastKnownFileType = text; path = "bbox-to-kml"; sourceTree = "<group>"; };
		3E1E57991906FAE400252F1C /* daily.sh */ = {isa = PBXFileReference; lastKnownFileType = text.script.sh; path = daily.sh; sourceTree = "<group>"; };
		3E1E579A1906FAE400252F1C /* decimate */ = {isa = PBXFileReference; lastKnownFileType = text; path = decimate; sourceTree = "<group>"; };
		3E1E579B1906FAE400252F1C /* dump_wl.py */ = {isa = PBXFileReference; lastKnownFileType = text.script.python; path = dump_wl.py; sourceTree = "<group>"; };
		3E1E579C1906FAE400252F1C /* find_missing_logs.py */ = {isa = PBXFileReference; lastKnownFileType = text.script.python; path = find_missing_logs.py; sourceTree = "<group>"; };
		3E1E579D1906FAE400252F1C /* jpegexif2kml.py */ = {isa = PBXFileReference; lastKnownFileType = text.script.python; path = jpegexif2kml.py; sourceTree = "<group>"; };
		3E1E579E1906FAE400252F1C /* log_udp.py */ = {isa = PBXFileReference; lastKnownFileType = text.script.python; path = log_udp.py; sourceTree = "<group>"; };
		3E1E579F1906FAE400252F1C /* logger_handlers.py */ = {isa = PBXFileReference; lastKnownFileType = text.script.python; path = logger_handlers.py; sourceTree = "<group>"; };
		3E1E57A01906FAE400252F1C /* Makefile */ = {isa = PBXFileReference; lastKnownFileType = sourcecode.make; path = Makefile; sourceTree = "<group>"; };
		3E1E57A11906FAE400252F1C /* nais2postgis.py */ = {isa = PBXFileReference; lastKnownFileType = text.script.python; path = nais2postgis.py; sourceTree = "<group>"; };
		3E1E57A21906FAE400252F1C /* nais_pg_realtime_reaper.py */ = {isa = PBXFileReference; lastKnownFileType = text.script.python; path = nais_pg_realtime_reaper.py; sourceTree = "<group>"; };
		3E1E57A31906FAE400252F1C /* port_server.py */ = {isa = PBXFileReference; lastKnownFileType = text.script.python; path = port_server.py; sourceTree = "<group>"; };
		3E1E57A41906FAE400252F1C /* serial-logger */ = {isa = PBXFileReference; lastKnownFileType = text; path = "serial-logger"; sourceTree = "<group>"; };
		3E1E57A51906FAE400252F1C /* serial-logger2.py */ = {isa = PBXFileReference; lastKnownFileType = text.script.python; path = "serial-logger2.py"; sourceTree = "<group>"; };
		3E1E57A61906FAE400252F1C /* serial_send.py */ = {isa = PBXFileReference; lastKnownFileType = text.script.python; path = serial_send.py; sourceTree = "<group>"; };
		3E1E57A71906FAE400252F1C /* serial_send2.py */ = {isa = PBXFileReference; lastKnownFileType = text.script.python; path = serial_send2.py; sourceTree = "<group>"; };
		3E1E57A81906FAE400252F1C /* socket_logger.py */ = {isa = PBXFileReference; lastKnownFileType = text.script.python; path = socket_logger.py; sourceTree = "<group>"; };
		3E1E57A91906FAE400252F1C /* socket_send.py */ = {isa = PBXFileReference; lastKnownFileType = text.script.python; path = socket_send.py; sourceTree = "<group>"; };
		3E1E57AA1906FAE400252F1C /* stellwagen-crossings.bash */ = {isa = PBXFileReference; lastKnownFileType = text.script.sh; path = "stellwagen-crossings.bash"; sourceTree = "<group>"; };
		3E1E57AB1906FAE400252F1C /* stellwagen-shipreport.bash */ = {isa = PBXFileReference; lastKnownFileType = text.script.sh; path = "stellwagen-shipreport.bash"; sourceTree = "<group>"; };
		3E1E57AC1906FAE400252F1C /* test_ais_server.py */ = {isa = PBXFileReference; lastKnownFileType = text.script.python; path = test_ais_server.py; sourceTree = "<group>"; };
		3E1E57AD1906FAE400252F1C /* tide4_process_logs.py */ = {isa = PBXFileReference; lastKnownFileType = text.script.python; path = tide4_process_logs.py; sourceTree = "<group>"; };
		3E1E57AE1906FAE400252F1C /* xy2kml */ = {isa = PBXFileReference; lastKnownFileType = text; path = xy2kml; sourceTree = "<group>"; };
		3E1E57AF1906FAE400252F1C /* xy2kmlline */ = {isa = PBXFileReference; lastKnownFileType = text; path = xy2kmlline; sourceTree = "<group>"; };
		3E1E57B01906FAE400252F1C /* xy_pos_filter */ = {isa = PBXFileReference; lastKnownFileType = text; path = xy_pos_filter; sourceTree = "<group>"; };
		3E1E57B11906FAE400252F1C /* xymt2kml */ = {isa = PBXFileReference; lastKnownFileType = text; path = xymt2kml; sourceTree = "<group>"; };
		3E1E57B21906FAE400252F1C /* setup.cfg */ = {isa = PBXFileReference; lastKnownFileType = text; path = setup.cfg; sourceTree = "<group>"; };
		3E1E57B31906FAE400252F1C /* setup.py */ = {isa = PBXFileReference; lastKnownFileType = text.script.python; path = setup.py; sourceTree = "<group>"; };
		3E1E57B51906FAE400252F1C /* grid_tests.py */ = {isa = PBXFileReference; lastKnownFileType = text.script.python; path = grid_tests.py; sourceTree = "<group>"; };
		3E1E57B61906FAE400252F1C /* Makefile */ = {isa = PBXFileReference; lastKnownFileType = sourcecode.make; path = Makefile; sourceTree = "<group>"; };
		3E1E57B71906FAE400252F1C /* test.ais */ = {isa = PBXFileReference; lastKnownFileType = text; path = test.ais; sourceTree = "<group>"; };
		3E1E57B81906FAE400252F1C /* TODO */ = {isa = PBXFileReference; lastKnownFileType = text; path = TODO; sourceTree = "<group>"; };
		3E1E57B91906FAE400252F1C /* VERSION */ = {isa = PBXFileReference; lastKnownFileType = text; path = VERSION; sourceTree = "<group>"; };
/* End PBXFileReference section */

/* Begin PBXGroup section */
		3E1E56491906FAE300252F1C /* noaadata-sonia */ = {
			isa = PBXGroup;
			children = (
				3E1E564A1906FAE300252F1C /* ais */,
				3E1E56E01906FAE400252F1C /* aisutils */,
				3E1E56EB1906FAE400252F1C /* ChangeLog.html */,
				3E1E56EC1906FAE400252F1C /* control.in */,
				3E1E56ED1906FAE400252F1C /* COPYING */,
				3E1E56EE1906FAE400252F1C /* data */,
				3E1E56F21906FAE400252F1C /* django-ais */,
				3E1E57051906FAE400252F1C /* doc */,
				3E1E570D1906FAE400252F1C /* geodjango */,
				3E1E57251906FAE400252F1C /* init.d */,
				3E1E57291906FAE400252F1C /* LICENSE */,
				3E1E572A1906FAE400252F1C /* make_waterlevel_ais.py */,
				3E1E572B1906FAE400252F1C /* Makefile */,
				3E1E572C1906FAE400252F1C /* MANIFEST.in */,
				3E1E572D1906FAE400252F1C /* nmea */,
				3E1E57351906FAE400252F1C /* noaa_waterlevel_ais.bash */,
				3E1E57361906FAE400252F1C /* noaadata */,
				3E1E573E1906FAE400252F1C /* noaadata-py.info.in */,
				3E1E573F1906FAE400252F1C /* noaadata_py.egg-info */,
				3E1E57441906FAE400252F1C /* PKG-INFO */,
				3E1E57451906FAE400252F1C /* README */,
				3E1E57461906FAE400252F1C /* scraps */,
				3E1E576C1906FAE400252F1C /* scripts */,
				3E1E57B21906FAE400252F1C /* setup.cfg */,
				3E1E57B31906FAE400252F1C /* setup.py */,
				3E1E57B41906FAE400252F1C /* test */,
				3E1E57B81906FAE400252F1C /* TODO */,
				3E1E57B91906FAE400252F1C /* VERSION */,
			);
			path = "noaadata-sonia";
			sourceTree = "<group>";
		};
		3E1E564A1906FAE300252F1C /* ais */ = {
			isa = PBXGroup;
			children = (
				3E1E564B1906FAE300252F1C /* __init__.py */,
				3E1E564C1906FAE300252F1C /* ais.xsl */,
				3E1E564D1906FAE300252F1C /* ais_msg_1.html */,
				3E1E564E1906FAE300252F1C /* ais_msg_1.py */,
				3E1E564F1906FAE300252F1C /* ais_msg_1.xml */,
				3E1E56501906FAE300252F1C /* ais_msg_10.html */,
				3E1E56511906FAE300252F1C /* ais_msg_10.py */,
				3E1E56521906FAE300252F1C /* ais_msg_10.xml */,
				3E1E56531906FAE300252F1C /* ais_msg_11.html */,
				3E1E56541906FAE300252F1C /* ais_msg_11.py */,
				3E1E56551906FAE300252F1C /* ais_msg_11.xml */,
				3E1E56561906FAE300252F1C /* ais_msg_12.html */,
				3E1E56571906FAE300252F1C /* ais_msg_12.py */,
				3E1E56581906FAE300252F1C /* ais_msg_12.xml */,
				3E1E56591906FAE300252F1C /* ais_msg_14.html */,
				3E1E565A1906FAE300252F1C /* ais_msg_14.py */,
				3E1E565B1906FAE300252F1C /* ais_msg_14.xml */,
				3E1E565C1906FAE300252F1C /* ais_msg_15.html */,
				3E1E565D1906FAE300252F1C /* ais_msg_15.py */,
				3E1E565E1906FAE300252F1C /* ais_msg_15.xml */,
				3E1E565F1906FAE300252F1C /* ais_msg_17.html */,
				3E1E56601906FAE300252F1C /* ais_msg_17.py */,
				3E1E56611906FAE300252F1C /* ais_msg_17.xml */,
				3E1E56621906FAE300252F1C /* ais_msg_18.html */,
				3E1E56631906FAE300252F1C /* ais_msg_18.py */,
				3E1E56641906FAE300252F1C /* ais_msg_18.xml */,
				3E1E56651906FAE300252F1C /* ais_msg_19.html */,
				3E1E56661906FAE300252F1C /* ais_msg_19.py */,
				3E1E56671906FAE300252F1C /* ais_msg_19.xml */,
				3E1E56681906FAE300252F1C /* ais_msg_1_handcoded.py */,
				3E1E56691906FAE300252F1C /* ais_msg_2.html */,
				3E1E566A1906FAE300252F1C /* ais_msg_2.py */,
				3E1E566B1906FAE300252F1C /* ais_msg_2.xml */,
				3E1E566C1906FAE300252F1C /* ais_msg_20.html */,
				3E1E566D1906FAE300252F1C /* ais_msg_20.py */,
				3E1E566E1906FAE300252F1C /* ais_msg_20.xml */,
				3E1E566F1906FAE300252F1C /* ais_msg_21.html */,
				3E1E56701906FAE300252F1C /* ais_msg_21.py */,
				3E1E56711906FAE300252F1C /* ais_msg_21.xml */,
				3E1E56721906FAE300252F1C /* ais_msg_21_handcoded.py */,
				3E1E56731906FAE300252F1C /* ais_msg_22.html */,
				3E1E56741906FAE300252F1C /* ais_msg_22.py */,
				3E1E56751906FAE300252F1C /* ais_msg_22.xml */,
				3E1E56761906FAE300252F1C /* ais_msg_23.html */,
				3E1E56771906FAE300252F1C /* ais_msg_23.py */,
				3E1E56781906FAE300252F1C /* ais_msg_23.xml */,
				3E1E56791906FAE300252F1C /* ais_msg_24_handcoded.py */,
				3E1E567A1906FAE300252F1C /* ais_msg_2_handcoded.py */,
				3E1E567B1906FAE300252F1C /* ais_msg_3.html */,
				3E1E567C1906FAE300252F1C /* ais_msg_3.py */,
				3E1E567D1906FAE300252F1C /* ais_msg_3.xml */,
				3E1E567E1906FAE300252F1C /* ais_msg_3_handcoded.py */,
				3E1E567F1906FAE300252F1C /* ais_msg_4.html */,
				3E1E56801906FAE300252F1C /* ais_msg_4.py */,
				3E1E56811906FAE300252F1C /* ais_msg_4.xml */,
				3E1E56821906FAE300252F1C /* ais_msg_4_handcoded.py */,
				3E1E56831906FAE300252F1C /* ais_msg_5.html */,
				3E1E56841906FAE300252F1C /* ais_msg_5.py */,
				3E1E56851906FAE300252F1C /* ais_msg_5.xml */,
				3E1E56861906FAE300252F1C /* ais_msg_5_utils.py */,
				3E1E56871906FAE300252F1C /* ais_msg_6.html */,
				3E1E56881906FAE300252F1C /* ais_msg_6.py */,
				3E1E56891906FAE300252F1C /* ais_msg_6.xml */,
				3E1E568A1906FAE300252F1C /* ais_msg_7.html */,
				3E1E568B1906FAE300252F1C /* ais_msg_7.py */,
				3E1E568C1906FAE300252F1C /* ais_msg_7.xml */,
				3E1E568D1906FAE300252F1C /* ais_msg_7_handcoded.py */,
				3E1E568E1906FAE300252F1C /* ais_msg_8.html */,
				3E1E568F1906FAE300252F1C /* ais_msg_8.py */,
				3E1E56901906FAE300252F1C /* ais_msg_8.xml */,
				3E1E56911906FAE300252F1C /* ais_msg_9.html */,
				3E1E56921906FAE300252F1C /* ais_msg_9.py */,
				3E1E56931906FAE300252F1C /* ais_msg_9.xml */,
				3E1E56941906FAE300252F1C /* aisfield.py */,
				3E1E56951906FAE300252F1C /* aisstring.py */,
				3E1E56961906FAE300252F1C /* allaistypes.html */,
				3E1E56971906FAE300252F1C /* allaistypes.py */,
				3E1E56981906FAE300252F1C /* allaistypes.xml */,
				3E1E56991906FAE300252F1C /* binary.py */,
				3E1E569A1906FAE300252F1C /* BitVector.py */,
				3E1E569B1906FAE300252F1C /* commstate.py */,
				3E1E569C1906FAE300252F1C /* exampleParser.py */,
				3E1E569D1906FAE300252F1C /* expandais.py */,
				3E1E569E1906FAE300252F1C /* imo_001_11.html */,
				3E1E569F1906FAE300252F1C /* imo_001_11.py */,
				3E1E56A01906FAE300252F1C /* imo_001_11.xml */,
				3E1E56A11906FAE300252F1C /* imo_001_11_handcoded.py */,
				3E1E56A21906FAE300252F1C /* imo_001_13.html */,
				3E1E56A31906FAE300252F1C /* imo_001_13.py */,
				3E1E56A41906FAE300252F1C /* imo_001_13.xml */,
				3E1E56A51906FAE300252F1C /* imo_001_14.html */,
				3E1E56A61906FAE300252F1C /* imo_001_14.py */,
				3E1E56A71906FAE300252F1C /* imo_001_14.xml */,
				3E1E56A81906FAE300252F1C /* Makefile */,
				3E1E56A91906FAE300252F1C /* nmea.py */,
				3E1E56AA1906FAE300252F1C /* ris */,
				3E1E56AE1906FAE300252F1C /* rtcm */,
				3E1E56B11906FAE300252F1C /* sls */,
				3E1E56C31906FAE300252F1C /* sqlhelp.py */,
				3E1E56C41906FAE300252F1C /* structs-inc.xml */,
				3E1E56C51906FAE300252F1C /* test */,
				3E1E56CB1906FAE300252F1C /* test.py */,
				3E1E56CC1906FAE300252F1C /* test_sls_waterlevel.py */,
				3E1E56CD1906FAE300252F1C /* timed_circular_notice.html */,
				3E1E56CE1906FAE300252F1C /* timed_circular_notice.py */,
				3E1E56CF1906FAE300252F1C /* timed_circular_notice.xml */,
				3E1E56D01906FAE300252F1C /* translators.py */,
				3E1E56D11906FAE300252F1C /* waterlevel.html */,
				3E1E56D21906FAE300252F1C /* waterlevel.py */,
				3E1E56D31906FAE300252F1C /* waterlevel.xml */,
				3E1E56D41906FAE300252F1C /* waterlevel2.html */,
				3E1E56D51906FAE300252F1C /* waterlevel2.py */,
				3E1E56D61906FAE300252F1C /* waterlevel2.xml */,
				3E1E56D71906FAE300252F1C /* whalenotice.html */,
				3E1E56D81906FAE300252F1C /* whalenotice.py */,
				3E1E56D91906FAE300252F1C /* whalenotice.xml */,
				3E1E56DA1906FAE400252F1C /* whalenotice1.html */,
				3E1E56DB1906FAE400252F1C /* whalenotice1.py */,
				3E1E56DC1906FAE400252F1C /* whalenotice1.xml */,
				3E1E56DD1906FAE400252F1C /* whalenotice2.html */,
				3E1E56DE1906FAE400252F1C /* whalenotice2.py */,
				3E1E56DF1906FAE400252F1C /* whalenotice2.xml */,
			);
			path = ais;
			sourceTree = "<group>";
		};
		3E1E56AA1906FAE300252F1C /* ris */ = {
			isa = PBXGroup;
			children = (
				3E1E56AB1906FAE300252F1C /* Makefile */,
				3E1E56AC1906FAE300252F1C /* waterlevel.html */,
				3E1E56AD1906FAE300252F1C /* waterlevel.xml */,
			);
			path = ris;
			sourceTree = "<group>";
		};
		3E1E56AE1906FAE300252F1C /* rtcm */ = {
			isa = PBXGroup;
			children = (
				3E1E56AF1906FAE300252F1C /* Makefile */,
				3E1E56B01906FAE300252F1C /* rtcm-20-zone.xml */,
			);
			path = rtcm;
			sourceTree = "<group>";
		};
		3E1E56B11906FAE300252F1C /* sls */ = {
			isa = PBXGroup;
			children = (
				3E1E56B21906FAE300252F1C /* estlocktimes.html */,
				3E1E56B31906FAE300252F1C /* estlocktimes.xml */,
				3E1E56B41906FAE300252F1C /* header.xml */,
				3E1E56B51906FAE300252F1C /* lockorder.html */,
				3E1E56B61906FAE300252F1C /* lockorder.xml */,
				3E1E56B71906FAE300252F1C /* lockschedule.html */,
				3E1E56B81906FAE300252F1C /* lockschedule.xml */,
				3E1E56B91906FAE300252F1C /* Makefile */,
				3E1E56BA1906FAE300252F1C /* structures.xml */,
				3E1E56BB1906FAE300252F1C /* waterflow.html */,
				3E1E56BC1906FAE300252F1C /* waterflow.xml */,
				3E1E56BD1906FAE300252F1C /* waterlevel.html */,
				3E1E56BE1906FAE300252F1C /* waterlevel.xml */,
				3E1E56BF1906FAE300252F1C /* weatherreport.html */,
				3E1E56C01906FAE300252F1C /* weatherreport.xml */,
				3E1E56C11906FAE300252F1C /* wind.html */,
				3E1E56C21906FAE300252F1C /* wind.xml */,
			);
			path = sls;
			sourceTree = "<group>";
		};
		3E1E56C51906FAE300252F1C /* test */ = {
			isa = PBXGroup;
			children = (
				3E1E56C61906FAE300252F1C /* ais_msg_1_1.xml */,
				3E1E56C71906FAE300252F1C /* ais_msg_8_1.xml */,
				3E1E56C81906FAE300252F1C /* sls_waterlevel_3_1.xml */,
				3E1E56C91906FAE300252F1C /* sls_waterlevel_3_2.xml */,
				3E1E56CA1906FAE300252F1C /* sls_wind_2_1.xml */,
			);
			path = test;
			sourceTree = "<group>";
		};
		3E1E56E01906FAE400252F1C /* aisutils */ = {
			isa = PBXGroup;
			children = (
				3E1E56E11906FAE400252F1C /* __init__.py */,
				3E1E56E21906FAE400252F1C /* daemon.py */,
				3E1E56E31906FAE400252F1C /* database.py */,
				3E1E56E41906FAE400252F1C /* grid.py */,
				3E1E56E51906FAE400252F1C /* nmea_ait.py */,
				3E1E56E61906FAE400252F1C /* nmea_cnc.py */,
				3E1E56E71906FAE400252F1C /* normalize.py */,
				3E1E56E81906FAE400252F1C /* server.py */,
				3E1E56E91906FAE400252F1C /* uscg.py */,
				3E1E56EA1906FAE400252F1C /* wkb.py */,
			);
			path = aisutils;
			sourceTree = "<group>";
		};
		3E1E56EE1906FAE400252F1C /* data */ = {
			isa = PBXGroup;
			children = (
				3E1E56EF1906FAE400252F1C /* gsc.dat */,
				3E1E56F01906FAE400252F1C /* mmsi_prefix.sql */,
				3E1E56F11906FAE400252F1C /* stellwagen.dat */,
			);
			path = data;
			sourceTree = "<group>";
		};
		3E1E56F21906FAE400252F1C /* django-ais */ = {
			isa = PBXGroup;
			children = (
				3E1E56F31906FAE400252F1C /* ais_www */,
				3E1E57041906FAE400252F1C /* README.txt */,
			);
			path = "django-ais";
			sourceTree = "<group>";
		};
		3E1E56F31906FAE400252F1C /* ais_www */ = {
			isa = PBXGroup;
			children = (
				3E1E56F41906FAE400252F1C /* __init__.py */,
				3E1E56F51906FAE400252F1C /* define_ais */,
				3E1E56FC1906FAE400252F1C /* Makefile */,
				3E1E56FD1906FAE400252F1C /* manage.py */,
				3E1E56FE1906FAE400252F1C /* msgs */,
				3E1E57021906FAE400252F1C /* settings.py */,
				3E1E57031906FAE400252F1C /* urls.py */,
			);
			path = ais_www;
			sourceTree = "<group>";
		};
		3E1E56F51906FAE400252F1C /* define_ais */ = {
			isa = PBXGroup;
			children = (
				3E1E56F61906FAE400252F1C /* __init__.py */,
				3E1E56F71906FAE400252F1C /* dac.sql */,
				3E1E56F81906FAE400252F1C /* models.py */,
				3E1E56F91906FAE400252F1C /* preload.sql */,
				3E1E56FA1906FAE400252F1C /* README.txt */,
				3E1E56FB1906FAE400252F1C /* views.py */,
			);
			path = define_ais;
			sourceTree = "<group>";
		};
		3E1E56FE1906FAE400252F1C /* msgs */ = {
			isa = PBXGroup;
			children = (
				3E1E56FF1906FAE400252F1C /* __init__.py */,
				3E1E57001906FAE400252F1C /* models.py */,
				3E1E57011906FAE400252F1C /* views.py */,
			);
			path = msgs;
			sourceTree = "<group>";
		};
		3E1E57051906FAE400252F1C /* doc */ = {
			isa = PBXGroup;
			children = (
				3E1E57061906FAE400252F1C /* ais-messages-HEADER.html */,
				3E1E57071906FAE400252F1C /* ais.bib */,
				3E1E57081906FAE400252F1C /* configure-ais-logging.txt */,
				3E1E57091906FAE400252F1C /* database-setup.txt */,
				3E1E570A1906FAE400252F1C /* esr-review.txt */,
				3E1E570B1906FAE400252F1C /* main-HEADER.html */,
				3E1E570C1906FAE400252F1C /* README.txt */,
			);
			path = doc;
			sourceTree = "<group>";
		};
		3E1E570D1906FAE400252F1C /* geodjango */ = {
			isa = PBXGroup;
			children = (
				3E1E570E1906FAE400252F1C /* ais_www */,
			);
			path = geodjango;
			sourceTree = "<group>";
		};
		3E1E570E1906FAE400252F1C /* ais_www */ = {
			isa = PBXGroup;
			children = (
				3E1E570F1906FAE400252F1C /* __init__.py */,
				3E1E57101906FAE400252F1C /* ais_msgs */,
				3E1E57151906FAE400252F1C /* define_ais */,
				3E1E571D1906FAE400252F1C /* hello.py */,
				3E1E571E1906FAE400252F1C /* hello_template.py */,
				3E1E571F1906FAE400252F1C /* Makefile */,
				3E1E57201906FAE400252F1C /* manage.py */,
				3E1E57211906FAE400252F1C /* settings.py */,
				3E1E57221906FAE400252F1C /* templates */,
				3E1E57241906FAE400252F1C /* urls.py */,
			);
			path = ais_www;
			sourceTree = "<group>";
		};
		3E1E57101906FAE400252F1C /* ais_msgs */ = {
			isa = PBXGroup;
			children = (
				3E1E57111906FAE400252F1C /* __init__.py */,
				3E1E57121906FAE400252F1C /* models.py */,
				3E1E57131906FAE400252F1C /* urls.py */,
				3E1E57141906FAE400252F1C /* views.py */,
			);
			path = ais_msgs;
			sourceTree = "<group>";
		};
		3E1E57151906FAE400252F1C /* define_ais */ = {
			isa = PBXGroup;
			children = (
				3E1E57161906FAE400252F1C /* __init__.py */,
				3E1E57171906FAE400252F1C /* dac.sql */,
				3E1E57181906FAE400252F1C /* models.py */,
				3E1E57191906FAE400252F1C /* preload.sql */,
				3E1E571A1906FAE400252F1C /* README.txt */,
				3E1E571B1906FAE400252F1C /* urls.py */,
				3E1E571C1906FAE400252F1C /* views.py */,
			);
			path = define_ais;
			sourceTree = "<group>";
		};
		3E1E57221906FAE400252F1C /* templates */ = {
			isa = PBXGroup;
			children = (
				3E1E57231906FAE400252F1C /* current_datetime.html */,
			);
			path = templates;
			sourceTree = "<group>";
		};
		3E1E57251906FAE400252F1C /* init.d */ = {
			isa = PBXGroup;
			children = (
				3E1E57261906FAE400252F1C /* ais-forward */,
				3E1E57271906FAE400252F1C /* logais */,
				3E1E57281906FAE400252F1C /* logtide */,
			);
			path = init.d;
			sourceTree = "<group>";
		};
		3E1E572D1906FAE400252F1C /* nmea */ = {
			isa = PBXGroup;
			children = (
				3E1E572E1906FAE400252F1C /* __init__.py */,
				3E1E572F1906FAE400252F1C /* checksum.py */,
				3E1E57301906FAE400252F1C /* gga.py */,
				3E1E57311906FAE400252F1C /* nmea_error.py */,
				3E1E57321906FAE400252F1C /* rmc.py */,
				3E1E57331906FAE400252F1C /* zda.py */,
				3E1E57341906FAE400252F1C /* znt.py */,
			);
			path = nmea;
			sourceTree = "<group>";
		};
		3E1E57361906FAE400252F1C /* noaadata */ = {
			isa = PBXGroup;
			children = (
				3E1E57371906FAE400252F1C /* __init__.py */,
				3E1E57381906FAE400252F1C /* dumpallwl.py */,
				3E1E57391906FAE400252F1C /* stations-soap.xml */,
				3E1E573A1906FAE400252F1C /* stations.py */,
				3E1E573B1906FAE400252F1C /* tideserver.py */,
				3E1E573C1906FAE400252F1C /* waterlevel_dap.py */,
				3E1E573D1906FAE400252F1C /* waterlevelraw.py */,
			);
			path = noaadata;
			sourceTree = "<group>";
		};
		3E1E573F1906FAE400252F1C /* noaadata_py.egg-info */ = {
			isa = PBXGroup;
			children = (
				3E1E57401906FAE400252F1C /* dependency_links.txt */,
				3E1E57411906FAE400252F1C /* PKG-INFO */,
				3E1E57421906FAE400252F1C /* SOURCES.txt */,
				3E1E57431906FAE400252F1C /* top_level.txt */,
			);
			path = "noaadata_py.egg-info";
			sourceTree = "<group>";
		};
		3E1E57461906FAE400252F1C /* scraps */ = {
			isa = PBXGroup;
			children = (
				3E1E57471906FAE400252F1C /* adjust_time.py */,
				3E1E57481906FAE400252F1C /* ais_filter_by_mmsi.cxx */,
				3E1E57491906FAE400252F1C /* ais_pg_dailyvessels.py */,
				3E1E574A1906FAE400252F1C /* ais_pg_import2006spreadsheet.py */,
				3E1E574B1906FAE400252F1C /* ais_pg_monthhistogram.py */,
				3E1E574C1906FAE400252F1C /* ais_pg_speedsummary.py */,
				3E1E574D1906FAE400252F1C /* ais_pg_transitsummary.py */,
				3E1E574E1906FAE400252F1C /* ais_pg_vesselsummary.py */,
				3E1E574F1906FAE400252F1C /* bbm.py */,
				3E1E57501906FAE400252F1C /* bogus_unittest.py */,
				3E1E57511906FAE400252F1C /* build-time-notice-test-data.sh */,
				3E1E57521906FAE400252F1C /* buildais.py */,
				3E1E57531906FAE400252F1C /* cptimestamp2front.py */,
				3E1E57541906FAE400252F1C /* gsc-and-tss.dat */,
				3E1E57551906FAE400252F1C /* gsc-and-tss.kml */,
				3E1E57561906FAE400252F1C /* gsc-bbox.kml */,
				3E1E57571906FAE400252F1C /* gsc.dat */,
				3E1E57581906FAE400252F1C /* gsc.kml */,
				3E1E57591906FAE400252F1C /* gsc.tss.dat */,
				3E1E575A1906FAE400252F1C /* gsc.tss.kml */,
				3E1E575B1906FAE400252F1C /* kml_countdown_placemark.py */,
				3E1E575C1906FAE400252F1C /* Makefile */,
				3E1E575D1906FAE400252F1C /* maru-xy.dat */,
				3E1E575E1906FAE400252F1C /* monthplots.gp */,
				3E1E575F1906FAE400252F1C /* nmea.py */,
				3E1E57601906FAE400252F1C /* nmeamessages.py */,
				3E1E57611906FAE400252F1C /* revelle2uscgold.py */,
				3E1E57621906FAE400252F1C /* sbnms-buoys-ab.xys */,
				3E1E57631906FAE400252F1C /* sbnms-buoys-ab.xyt */,
				3E1E57641906FAE400252F1C /* sbnms.grd.cmd */,
				3E1E57651906FAE400252F1C /* six_min_avg.m */,
				3E1E57661906FAE400252F1C /* soapclient.pl */,
				3E1E57671906FAE400252F1C /* stripfront.py */,
				3E1E57681906FAE400252F1C /* tideconvert.py */,
				3E1E57691906FAE400252F1C /* timestamp.py */,
				3E1E576A1906FAE400252F1C /* timetest.py */,
				3E1E576B1906FAE400252F1C /* whalemortality.dat */,
			);
			path = scraps;
			sourceTree = "<group>";
		};
		3E1E576C1906FAE400252F1C /* scripts */ = {
			isa = PBXGroup;
			children = (
				3E1E576D1906FAE400252F1C /* ais-db */,
				3E1E576E1906FAE400252F1C /* ais-db-rebuild-cache-tables */,
				3E1E576F1906FAE400252F1C /* ais-net-to-postgis */,
				3E1E57701906FAE400252F1C /* ais-port-forward */,
				3E1E57711906FAE400252F1C /* ais-process-day.bash */,
				3E1E57721906FAE400252F1C /* ais-receive-bbox */,
				3E1E57731906FAE400252F1C /* ais_5report.py */,
				3E1E57741906FAE400252F1C /* ais_bin_msgs.py */,
				3E1E57751906FAE400252F1C /* ais_build_postgis.py */,
				3E1E57761906FAE400252F1C /* ais_build_sqlite.py */,
				3E1E57771906FAE400252F1C /* ais_build_sqlite3.py */,
				3E1E57781906FAE400252F1C /* ais_decimate_traffic.py */,
				3E1E57791906FAE400252F1C /* ais_distance.py */,
				3E1E577A1906FAE400252F1C /* ais_dump_mmsi.py */,
				3E1E577B1906FAE400252F1C /* ais_dumpnames.py */,
				3E1E577C1906FAE400252F1C /* ais_filter.py */,
				3E1E577D1906FAE400252F1C /* ais_info.py */,
				3E1E577E1906FAE400252F1C /* ais_liststations.py */,
				3E1E577F1906FAE400252F1C /* ais_names.py */,
				3E1E57801906FAE400252F1C /* ais_nmea_find_matches.py */,
				3E1E57811906FAE400252F1C /* ais_nmea_info.py */,
				3E1E57821906FAE400252F1C /* ais_nmea_remove_dups.py */,
				3E1E57831906FAE400252F1C /* ais_nmea_uptime.py */,
				3E1E57841906FAE400252F1C /* ais_nmea_uptime2.py */,
				3E1E57851906FAE400252F1C /* ais_nmea_uscg_timeshift.py */,
				3E1E57861906FAE400252F1C /* ais_normalize.py */,
				3E1E57871906FAE400252F1C /* ais_oldlog2newlog.py */,
				3E1E57881906FAE400252F1C /* ais_pg_create_transit_table.py */,
				3E1E57891906FAE400252F1C /* ais_pg_grid.py */,
				3E1E578A1906FAE400252F1C /* ais_pg_grid_transits.py */,
				3E1E578B1906FAE400252F1C /* ais_pg_transitlines.py */,
				3E1E578C1906FAE400252F1C /* ais_pg_transitlines_noMakeLine.py */,
				3E1E578D1906FAE400252F1C /* ais_position_in_polygon.py */,
				3E1E578E1906FAE400252F1C /* ais_positions.py */,
				3E1E578F1906FAE400252F1C /* ais_sqlite_bsreport_analysis.py */,
				3E1E57901906FAE400252F1C /* ais_towersplit.py */,
				3E1E57911906FAE400252F1C /* ais_traffic_analysis.py */,
				3E1E57921906FAE400252F1C /* ais_transits.py */,
				3E1E57931906FAE400252F1C /* ais_uniq.py */,
				3E1E57941906FAE400252F1C /* ais_uscg_splitstations.py */,
				3E1E57951906FAE400252F1C /* aisuser_monitor.py */,
				3E1E57961906FAE400252F1C /* aisxml2wxpy.py */,
				3E1E57971906FAE400252F1C /* aisxmlbinmsg2py.py */,
				3E1E57981906FAE400252F1C /* bbox-to-kml */,
				3E1E57991906FAE400252F1C /* daily.sh */,
				3E1E579A1906FAE400252F1C /* decimate */,
				3E1E579B1906FAE400252F1C /* dump_wl.py */,
				3E1E579C1906FAE400252F1C /* find_missing_logs.py */,
				3E1E579D1906FAE400252F1C /* jpegexif2kml.py */,
				3E1E579E1906FAE400252F1C /* log_udp.py */,
				3E1E579F1906FAE400252F1C /* logger_handlers.py */,
				3E1E57A01906FAE400252F1C /* Makefile */,
				3E1E57A11906FAE400252F1C /* nais2postgis.py */,
				3E1E57A21906FAE400252F1C /* nais_pg_realtime_reaper.py */,
				3E1E57A31906FAE400252F1C /* port_server.py */,
				3E1E57A41906FAE400252F1C /* serial-logger */,
				3E1E57A51906FAE400252F1C /* serial-logger2.py */,
				3E1E57A61906FAE400252F1C /* serial_send.py */,
				3E1E57A71906FAE400252F1C /* serial_send2.py */,
				3E1E57A81906FAE400252F1C /* socket_logger.py */,
				3E1E57A91906FAE400252F1C /* socket_send.py */,
				3E1E57AA1906FAE400252F1C /* stellwagen-crossings.bash */,
				3E1E57AB1906FAE400252F1C /* stellwagen-shipreport.bash */,
				3E1E57AC1906FAE400252F1C /* test_ais_server.py */,
				3E1E57AD1906FAE400252F1C /* tide4_process_logs.py */,
				3E1E57AE1906FAE400252F1C /* xy2kml */,
				3E1E57AF1906FAE400252F1C /* xy2kmlline */,
				3E1E57B01906FAE400252F1C /* xy_pos_filter */,
				3E1E57B11906FAE400252F1C /* xymt2kml */,
			);
			path = scripts;
			sourceTree = "<group>";
		};
		3E1E57B41906FAE400252F1C /* test */ = {
			isa = PBXGroup;
			children = (
				3E1E57B51906FAE400252F1C /* grid_tests.py */,
				3E1E57B61906FAE400252F1C /* Makefile */,
				3E1E57B71906FAE400252F1C /* test.ais */,
			);
			path = test;
			sourceTree = "<group>";
		};
		3E8E76B219069640001E8E9F = {
			isa = PBXGroup;
			children = (
				3E1E56491906FAE300252F1C /* noaadata-sonia */,
			);
			sourceTree = "<group>";
		};
/* End PBXGroup section */

/* Begin PBXProject section */
		3E8E76B319069640001E8E9F /* Project object */ = {
			isa = PBXProject;
			attributes = {
				LastUpgradeCheck = 0510;
			};
			buildConfigurationList = 3E8E76B619069640001E8E9F /* Build configuration list for PBXProject "aislib" */;
			compatibilityVersion = "Xcode 3.2";
			developmentRegion = English;
			hasScannedForEncodings = 0;
			knownRegions = (
				en,
			);
			mainGroup = 3E8E76B219069640001E8E9F;
			projectDirPath = "";
			projectRoot = "";
			targets = (
			);
		};
/* End PBXProject section */

/* Begin XCBuildConfiguration section */
		3E8E76B719069640001E8E9F /* Debug */ = {
			isa = XCBuildConfiguration;
			buildSettings = {
			};
			name = Debug;
		};
		3E8E76B819069640001E8E9F /* Release */ = {
			isa = XCBuildConfiguration;
			buildSettings = {
			};
			name = Release;
		};
/* End XCBuildConfiguration section */

/* Begin XCConfigurationList section */
		3E8E76B619069640001E8E9F /* Build configuration list for PBXProject "aislib" */ = {
			isa = XCConfigurationList;
			buildConfigurations = (
				3E8E76B719069640001E8E9F /* Debug */,
				3E8E76B819069640001E8E9F /* Release */,
			);
			defaultConfigurationIsVisible = 0;
			defaultConfigurationName = Release;
		};
/* End XCConfigurationList section */
	};
	rootObject = 3E8E76B319069640001E8E9F /* Project object */;
}
